// !$*UTF8*$!
{
	archiveVersion = 1;
	classes = {
	};
	objectVersion = 46;
	objects = {

/* Begin PBXBuildFile section */
		C58171CF154E9943000ECDB0 /* AddViewController.m in Sources */ = {isa = PBXBuildFile; fileRef = C58171CD154E9943000ECDB0 /* AddViewController.m */; };
		C58171D0154E9943000ECDB0 /* AddViewController.xib in Resources */ = {isa = PBXBuildFile; fileRef = C58171CE154E9943000ECDB0 /* AddViewController.xib */; };
		C58171D6154E9D22000ECDB0 /* MainWindow.xib in Resources */ = {isa = PBXBuildFile; fileRef = C58171D5154E9D22000ECDB0 /* MainWindow.xib */; };
		C58171DA154EA15C000ECDB0 /* TaskCustomCell.m in Sources */ = {isa = PBXBuildFile; fileRef = C58171D9154EA15C000ECDB0 /* TaskCustomCell.m */; };
		C58171E0154EA1DD000ECDB0 /* TaskCustomCell.xib in Resources */ = {isa = PBXBuildFile; fileRef = C58171DF154EA1DD000ECDB0 /* TaskCustomCell.xib */; };
		C59D35D7154E886E00F3AC27 /* MainViewController.m in Sources */ = {isa = PBXBuildFile; fileRef = C59D35D1154E886E00F3AC27 /* MainViewController.m */; };
		C59D35D8154E886E00F3AC27 /* MainViewController.xib in Resources */ = {isa = PBXBuildFile; fileRef = C59D35D2154E886E00F3AC27 /* MainViewController.xib */; };
		C59D35D9154E886E00F3AC27 /* Task.m in Sources */ = {isa = PBXBuildFile; fileRef = C59D35D5154E886E00F3AC27 /* Task.m */; };
		C59D35DC154E887A00F3AC27 /* Localizable.strings in Resources */ = {isa = PBXBuildFile; fileRef = C59D35DB154E887A00F3AC27 /* Localizable.strings */; };
		C59D35E1154E8D0000F3AC27 /* HideImage.png in Resources */ = {isa = PBXBuildFile; fileRef = C59D35DE154E8D0000F3AC27 /* HideImage.png */; };
		C59D35E2154E8D0000F3AC27 /* ImageBackGround.png in Resources */ = {isa = PBXBuildFile; fileRef = C59D35DF154E8D0000F3AC27 /* ImageBackGround.png */; };
		C59D35E3154E8D0000F3AC27 /* ShowImage.png in Resources */ = {isa = PBXBuildFile; fileRef = C59D35E0154E8D0000F3AC27 /* ShowImage.png */; };
		C5F5D913154E84DF0051C30C /* UIKit.framework in Frameworks */ = {isa = PBXBuildFile; fileRef = C5F5D912154E84DF0051C30C /* UIKit.framework */; };
		C5F5D915154E84DF0051C30C /* Foundation.framework in Frameworks */ = {isa = PBXBuildFile; fileRef = C5F5D914154E84DF0051C30C /* Foundation.framework */; };
		C5F5D917154E84DF0051C30C /* CoreGraphics.framework in Frameworks */ = {isa = PBXBuildFile; fileRef = C5F5D916154E84DF0051C30C /* CoreGraphics.framework */; };
		C5F5D91D154E84DF0051C30C /* InfoPlist.strings in Resources */ = {isa = PBXBuildFile; fileRef = C5F5D91B154E84DF0051C30C /* InfoPlist.strings */; };
		C5F5D91F154E84DF0051C30C /* main.m in Sources */ = {isa = PBXBuildFile; fileRef = C5F5D91E154E84DF0051C30C /* main.m */; };
		C5F5D923154E84DF0051C30C /* AppDelegate.m in Sources */ = {isa = PBXBuildFile; fileRef = C5F5D922154E84DF0051C30C /* AppDelegate.m */; };
/* End PBXBuildFile section */

/* Begin PBXFileReference section */
		C58171CC154E9943000ECDB0 /* AddViewController.h */ = {isa = PBXFileReference; fileEncoding = 4; lastKnownFileType = sourcecode.c.h; name = AddViewController.h; path = AddViewController/AddViewController.h; sourceTree = "<group>"; };
		C58171CD154E9943000ECDB0 /* AddViewController.m */ = {isa = PBXFileReference; fileEncoding = 4; lastKnownFileType = sourcecode.c.objc; name = AddViewController.m; path = AddViewController/AddViewController.m; sourceTree = "<group>"; };
		C58171CE154E9943000ECDB0 /* AddViewController.xib */ = {isa = PBXFileReference; fileEncoding = 4; lastKnownFileType = file.xib; name = AddViewController.xib; path = AddViewController/AddViewController.xib; sourceTree = "<group>"; };
		C58171D5154E9D22000ECDB0 /* MainWindow.xib */ = {isa = PBXFileReference; fileEncoding = 4; lastKnownFileType = file.xib; name = MainWindow.xib; path = Ressources/MainWindow.xib; sourceTree = "<group>"; };
		C58171D8154EA15C000ECDB0 /* TaskCustomCell.h */ = {isa = PBXFileReference; fileEncoding = 4; lastKnownFileType = sourcecode.c.h; name = TaskCustomCell.h; path = CustomCell/TaskCustomCell.h; sourceTree = "<group>"; };
		C58171D9154EA15C000ECDB0 /* TaskCustomCell.m */ = {isa = PBXFileReference; fileEncoding = 4; lastKnownFileType = sourcecode.c.objc; name = TaskCustomCell.m; path = CustomCell/TaskCustomCell.m; sourceTree = "<group>"; };
		C58171DF154EA1DD000ECDB0 /* TaskCustomCell.xib */ = {isa = PBXFileReference; fileEncoding = 4; lastKnownFileType = file.xib; path = TaskCustomCell.xib; sourceTree = "<group>"; };
		C59D35D0154E886E00F3AC27 /* MainViewController.h */ = {isa = PBXFileReference; fileEncoding = 4; lastKnownFileType = sourcecode.c.h; path = MainViewController.h; sourceTree = "<group>"; };
		C59D35D1154E886E00F3AC27 /* MainViewController.m */ = {isa = PBXFileReference; fileEncoding = 4; lastKnownFileType = sourcecode.c.objc; path = MainViewController.m; sourceTree = "<group>"; };
		C59D35D2154E886E00F3AC27 /* MainViewController.xib */ = {isa = PBXFileReference; fileEncoding = 4; lastKnownFileType = file.xib; path = MainViewController.xib; sourceTree = "<group>"; };
		C59D35D4154E886E00F3AC27 /* Task.h */ = {isa = PBXFileReference; fileEncoding = 4; lastKnownFileType = sourcecode.c.h; path = Task.h; sourceTree = "<group>"; };
		C59D35D5154E886E00F3AC27 /* Task.m */ = {isa = PBXFileReference; fileEncoding = 4; lastKnownFileType = sourcecode.c.objc; path = Task.m; sourceTree = "<group>"; };
		C59D35DB154E887A00F3AC27 /* Localizable.strings */ = {isa = PBXFileReference; fileEncoding = 4; lastKnownFileType = text.plist.strings; name = Localizable.strings; path = Ressources/Localizable.strings; sourceTree = "<group>"; };
		C59D35DE154E8D0000F3AC27 /* HideImage.png */ = {isa = PBXFileReference; lastKnownFileType = image.png; name = HideImage.png; path = images/HideImage.png; sourceTree = "<group>"; };
		C59D35DF154E8D0000F3AC27 /* ImageBackGround.png */ = {isa = PBXFileReference; lastKnownFileType = image.png; name = ImageBackGround.png; path = images/ImageBackGround.png; sourceTree = "<group>"; };
		C59D35E0154E8D0000F3AC27 /* ShowImage.png */ = {isa = PBXFileReference; lastKnownFileType = image.png; name = ShowImage.png; path = images/ShowImage.png; sourceTree = "<group>"; };
		C5F5D90E154E84DF0051C30C /* LogSafeTest.app */ = {isa = PBXFileReference; explicitFileType = wrapper.application; includeInIndex = 0; path = LogSafeTest.app; sourceTree = BUILT_PRODUCTS_DIR; };
		C5F5D912154E84DF0051C30C /* UIKit.framework */ = {isa = PBXFileReference; lastKnownFileType = wrapper.framework; name = UIKit.framework; path = System/Library/Frameworks/UIKit.framework; sourceTree = SDKROOT; };
		C5F5D914154E84DF0051C30C /* Foundation.framework */ = {isa = PBXFileReference; lastKnownFileType = wrapper.framework; name = Foundation.framework; path = System/Library/Frameworks/Foundation.framework; sourceTree = SDKROOT; };
		C5F5D916154E84DF0051C30C /* CoreGraphics.framework */ = {isa = PBXFileReference; lastKnownFileType = wrapper.framework; name = CoreGraphics.framework; path = System/Library/Frameworks/CoreGraphics.framework; sourceTree = SDKROOT; };
		C5F5D91A154E84DF0051C30C /* LogSafeTest-Info.plist */ = {isa = PBXFileReference; lastKnownFileType = text.plist.xml; path = "LogSafeTest-Info.plist"; sourceTree = "<group>"; };
		C5F5D91C154E84DF0051C30C /* en */ = {isa = PBXFileReference; lastKnownFileType = text.plist.strings; name = en; path = en.lproj/InfoPlist.strings; sourceTree = "<group>"; };
		C5F5D91E154E84DF0051C30C /* main.m */ = {isa = PBXFileReference; lastKnownFileType = sourcecode.c.objc; path = main.m; sourceTree = "<group>"; };
		C5F5D920154E84DF0051C30C /* LogSafeTest-Prefix.pch */ = {isa = PBXFileReference; lastKnownFileType = sourcecode.c.h; path = "LogSafeTest-Prefix.pch"; sourceTree = "<group>"; };
		C5F5D921154E84DF0051C30C /* AppDelegate.h */ = {isa = PBXFileReference; lastKnownFileType = sourcecode.c.h; name = AppDelegate.h; path = ../AppDelegate.h; sourceTree = "<group>"; };
		C5F5D922154E84DF0051C30C /* AppDelegate.m */ = {isa = PBXFileReference; lastKnownFileType = sourcecode.c.objc; name = AppDelegate.m; path = ../AppDelegate.m; sourceTree = "<group>"; };
/* End PBXFileReference section */

/* Begin PBXFrameworksBuildPhase section */
		C5F5D90B154E84DF0051C30C /* Frameworks */ = {
			isa = PBXFrameworksBuildPhase;
			buildActionMask = 2147483647;
			files = (
				C5F5D913154E84DF0051C30C /* UIKit.framework in Frameworks */,
				C5F5D915154E84DF0051C30C /* Foundation.framework in Frameworks */,
				C5F5D917154E84DF0051C30C /* CoreGraphics.framework in Frameworks */,
			);
			runOnlyForDeploymentPostprocessing = 0;
		};
/* End PBXFrameworksBuildPhase section */

/* Begin PBXGroup section */
		751D6F48154EB2D600E6FB8C /* Localization */ = {
			isa = PBXGroup;
			children = (
				C59D35DB154E887A00F3AC27 /* Localizable.strings */,
			);
			name = Localization;
			sourceTree = "<group>";
		};
		C58171CB154E992A000ECDB0 /* AddViewController */ = {
			isa = PBXGroup;
			children = (
				C58171CC154E9943000ECDB0 /* AddViewController.h */,
				C58171CD154E9943000ECDB0 /* AddViewController.m */,
				C58171CE154E9943000ECDB0 /* AddViewController.xib */,
			);
			name = AddViewController;
			sourceTree = "<group>";
		};
		C58171D7154EA142000ECDB0 /* CustomCell */ = {
			isa = PBXGroup;
			children = (
				C58171D8154EA15C000ECDB0 /* TaskCustomCell.h */,
				C58171D9154EA15C000ECDB0 /* TaskCustomCell.m */,
				C58171DF154EA1DD000ECDB0 /* TaskCustomCell.xib */,
			);
			name = CustomCell;
			sourceTree = "<group>";
		};
		C59D35CE154E886E00F3AC27 /* Classes */ = {
			isa = PBXGroup;
			children = (
				C5F5D921154E84DF0051C30C /* AppDelegate.h */,
				C5F5D922154E84DF0051C30C /* AppDelegate.m */,
				C59D35D3154E886E00F3AC27 /* Model */,
				C59D35D6154E886E00F3AC27 /* View */,
				C59D35CF154E886E00F3AC27 /* Controller */,
			);
			path = Classes;
			sourceTree = "<group>";
		};
		C59D35CF154E886E00F3AC27 /* Controller */ = {
			isa = PBXGroup;
			children = (
				C58171D7154EA142000ECDB0 /* CustomCell */,
				C58171CB154E992A000ECDB0 /* AddViewController */,
				C59D35D0154E886E00F3AC27 /* MainViewController.h */,
				C59D35D1154E886E00F3AC27 /* MainViewController.m */,
				C59D35D2154E886E00F3AC27 /* MainViewController.xib */,
			);
			path = Controller;
			sourceTree = "<group>";
		};
		C59D35D3154E886E00F3AC27 /* Model */ = {
			isa = PBXGroup;
			children = (
				C59D35D4154E886E00F3AC27 /* Task.h */,
				C59D35D5154E886E00F3AC27 /* Task.m */,
			);
			path = Model;
			sourceTree = "<group>";
		};
		C59D35D6154E886E00F3AC27 /* View */ = {
			isa = PBXGroup;
			children = (
			);
			path = View;
			sourceTree = "<group>";
		};
		C59D35DA154E887A00F3AC27 /* Ressources */ = {
			isa = PBXGroup;
			children = (
				C59D35DD154E8C6000F3AC27 /* Images */,
			);
			path = Ressources;
			sourceTree = "<group>";
		};
		C59D35DD154E8C6000F3AC27 /* Images */ = {
			isa = PBXGroup;
			children = (
				C59D35DE154E8D0000F3AC27 /* HideImage.png */,
				C59D35DF154E8D0000F3AC27 /* ImageBackGround.png */,
				C59D35E0154E8D0000F3AC27 /* ShowImage.png */,
			);
			name = Images;
			sourceTree = "<group>";
		};
		C5F5D903154E84DF0051C30C = {
			isa = PBXGroup;
			children = (
				C5F5D918154E84DF0051C30C /* LogSafeTest */,
				C5F5D911154E84DF0051C30C /* Frameworks */,
				C5F5D90F154E84DF0051C30C /* Products */,
			);
			sourceTree = "<group>";
		};
		C5F5D90F154E84DF0051C30C /* Products */ = {
			isa = PBXGroup;
			children = (
				C5F5D90E154E84DF0051C30C /* LogSafeTest.app */,
			);
			name = Products;
			sourceTree = "<group>";
		};
		C5F5D911154E84DF0051C30C /* Frameworks */ = {
			isa = PBXGroup;
			children = (
				C5F5D912154E84DF0051C30C /* UIKit.framework */,
				C5F5D914154E84DF0051C30C /* Foundation.framework */,
				C5F5D916154E84DF0051C30C /* CoreGraphics.framework */,
			);
			name = Frameworks;
			sourceTree = "<group>";
		};
		C5F5D918154E84DF0051C30C /* LogSafeTest */ = {
			isa = PBXGroup;
			children = (
				C59D35CE154E886E00F3AC27 /* Classes */,
				C59D35DA154E887A00F3AC27 /* Ressources */,
				C5F5D919154E84DF0051C30C /* Supporting Files */,
			);
			path = LogSafeTest;
			sourceTree = "<group>";
		};
		C5F5D919154E84DF0051C30C /* Supporting Files */ = {
			isa = PBXGroup;
			children = (
				751D6F48154EB2D600E6FB8C /* Localization */,
				C58171D5154E9D22000ECDB0 /* MainWindow.xib */,
				C5F5D91A154E84DF0051C30C /* LogSafeTest-Info.plist */,
				C5F5D91B154E84DF0051C30C /* InfoPlist.strings */,
				C5F5D91E154E84DF0051C30C /* main.m */,
				C5F5D920154E84DF0051C30C /* LogSafeTest-Prefix.pch */,
			);
			name = "Supporting Files";
			sourceTree = "<group>";
		};
/* End PBXGroup section */

/* Begin PBXNativeTarget section */
		C5F5D90D154E84DF0051C30C /* LogSafeTest */ = {
			isa = PBXNativeTarget;
			buildConfigurationList = C5F5D926154E84DF0051C30C /* Build configuration list for PBXNativeTarget "LogSafeTest" */;
			buildPhases = (
				C5F5D90A154E84DF0051C30C /* Sources */,
				C5F5D90B154E84DF0051C30C /* Frameworks */,
				C5F5D90C154E84DF0051C30C /* Resources */,
			);
			buildRules = (
			);
			dependencies = (
			);
			name = LogSafeTest;
			productName = LogSafeTest;
			productReference = C5F5D90E154E84DF0051C30C /* LogSafeTest.app */;
			productType = "com.apple.product-type.application";
		};
/* End PBXNativeTarget section */

/* Begin PBXProject section */
		C5F5D905154E84DF0051C30C /* Project object */ = {
			isa = PBXProject;
			attributes = {
				LastUpgradeCheck = 0420;
				ORGANIZATIONNAME = "Hot Apps Factroy";
			};
			buildConfigurationList = C5F5D908154E84DF0051C30C /* Build configuration list for PBXProject "LogSafeTest" */;
			compatibilityVersion = "Xcode 3.2";
			developmentRegion = English;
			hasScannedForEncodings = 0;
			knownRegions = (
				en,
			);
			mainGroup = C5F5D903154E84DF0051C30C;
			productRefGroup = C5F5D90F154E84DF0051C30C /* Products */;
			projectDirPath = "";
			projectRoot = "";
			targets = (
				C5F5D90D154E84DF0051C30C /* LogSafeTest */,
			);
		};
/* End PBXProject section */

/* Begin PBXResourcesBuildPhase section */
		C5F5D90C154E84DF0051C30C /* Resources */ = {
			isa = PBXResourcesBuildPhase;
			buildActionMask = 2147483647;
			files = (
				C5F5D91D154E84DF0051C30C /* InfoPlist.strings in Resources */,
				C59D35D8154E886E00F3AC27 /* MainViewController.xib in Resources */,
				C59D35DC154E887A00F3AC27 /* Localizable.strings in Resources */,
				C59D35E1154E8D0000F3AC27 /* HideImage.png in Resources */,
				C59D35E2154E8D0000F3AC27 /* ImageBackGround.png in Resources */,
				C59D35E3154E8D0000F3AC27 /* ShowImage.png in Resources */,
				C58171D0154E9943000ECDB0 /* AddViewController.xib in Resources */,
				C58171D6154E9D22000ECDB0 /* MainWindow.xib in Resources */,
				C58171E0154EA1DD000ECDB0 /* TaskCustomCell.xib in Resources */,
			);
			runOnlyForDeploymentPostprocessing = 0;
		};
/* End PBXResourcesBuildPhase section */

/* Begin PBXSourcesBuildPhase section */
		C5F5D90A154E84DF0051C30C /* Sources */ = {
			isa = PBXSourcesBuildPhase;
			buildActionMask = 2147483647;
			files = (
				C5F5D91F154E84DF0051C30C /* main.m in Sources */,
				C5F5D923154E84DF0051C30C /* AppDelegate.m in Sources */,
				C59D35D7154E886E00F3AC27 /* MainViewController.m in Sources */,
				C59D35D9154E886E00F3AC27 /* Task.m in Sources */,
				C58171CF154E9943000ECDB0 /* AddViewController.m in Sources */,
				C58171DA154EA15C000ECDB0 /* TaskCustomCell.m in Sources */,
			);
			runOnlyForDeploymentPostprocessing = 0;
		};
/* End PBXSourcesBuildPhase section */

/* Begin PBXVariantGroup section */
		C5F5D91B154E84DF0051C30C /* InfoPlist.strings */ = {
			isa = PBXVariantGroup;
			children = (
				C5F5D91C154E84DF0051C30C /* en */,
			);
			name = InfoPlist.strings;
			sourceTree = "<group>";
		};
/* End PBXVariantGroup section */

/* Begin XCBuildConfiguration section */
		C5F5D924154E84DF0051C30C /* Debug */ = {
			isa = XCBuildConfiguration;
			buildSettings = {
				ALWAYS_SEARCH_USER_PATHS = NO;
				ARCHS = "$(ARCHS_STANDARD_32_BIT)";
				"CODE_SIGN_IDENTITY[sdk=iphoneos*]" = "iPhone Developer";
				COPY_PHASE_STRIP = NO;
				GCC_C_LANGUAGE_STANDARD = gnu99;
				GCC_DYNAMIC_NO_PIC = NO;
				GCC_OPTIMIZATION_LEVEL = 0;
				GCC_PREPROCESSOR_DEFINITIONS = (
					"DEBUG=1",
					"$(inherited)",
				);
				GCC_SYMBOLS_PRIVATE_EXTERN = NO;
				GCC_VERSION = com.apple.compilers.llvm.clang.1_0;
				GCC_WARN_ABOUT_MISSING_PROTOTYPES = YES;
				GCC_WARN_ABOUT_RETURN_TYPE = YES;
				GCC_WARN_UNUSED_VARIABLE = YES;
				IPHONEOS_DEPLOYMENT_TARGET = 5.0;
				SDKROOT = iphoneos;
			};
			name = Debug;
		};
		C5F5D925154E84DF0051C30C /* Release */ = {
			isa = XCBuildConfiguration;
			buildSettings = {
				ALWAYS_SEARCH_USER_PATHS = NO;
				ARCHS = "$(ARCHS_STANDARD_32_BIT)";
				"CODE_SIGN_IDENTITY[sdk=iphoneos*]" = "iPhone Developer";
				COPY_PHASE_STRIP = YES;
				GCC_C_LANGUAGE_STANDARD = gnu99;
				GCC_VERSION = com.apple.compilers.llvm.clang.1_0;
				GCC_WARN_ABOUT_MISSING_PROTOTYPES = YES;
				GCC_WARN_ABOUT_RETURN_TYPE = YES;
				GCC_WARN_UNUSED_VARIABLE = YES;
				IPHONEOS_DEPLOYMENT_TARGET = 5.0;
				OTHER_CFLAGS = "-DNS_BLOCK_ASSERTIONS=1";
				SDKROOT = iphoneos;
				VALIDATE_PRODUCT = YES;
			};
			name = Release;
		};
		C5F5D927154E84DF0051C30C /* Debug */ = {
			isa = XCBuildConfiguration;
			buildSettings = {
				GCC_PRECOMPILE_PREFIX_HEADER = YES;
				GCC_PREFIX_HEADER = "LogSafeTest/LogSafeTest-Prefix.pch";
				INFOPLIST_FILE = "LogSafeTest/LogSafeTest-Info.plist";
				PRODUCT_NAME = "$(TARGET_NAME)";
				WRAPPER_EXTENSION = app;
			};
			name = Debug;
		};
		C5F5D928154E84DF0051C30C /* Release */ = {
			isa = XCBuildConfiguration;
			buildSettings = {
				GCC_PRECOMPILE_PREFIX_HEADER = YES;
				GCC_PREFIX_HEADER = "LogSafeTest/LogSafeTest-Prefix.pch";
				INFOPLIST_FILE = "LogSafeTest/LogSafeTest-Info.plist";
				PRODUCT_NAME = "$(TARGET_NAME)";
				WRAPPER_EXTENSION = app;
			};
			name = Release;
		};
/* End XCBuildConfiguration section */

/* Begin XCConfigurationList section */
		C5F5D908154E84DF0051C30C /* Build configuration list for PBXProject "LogSafeTest" */ = {
			isa = XCConfigurationList;
			buildConfigurations = (
				C5F5D924154E84DF0051C30C /* Debug */,
				C5F5D925154E84DF0051C30C /* Release */,
			);
			defaultConfigurationIsVisible = 0;
			defaultConfigurationName = Release;
		};
		C5F5D926154E84DF0051C30C /* Build configuration list for PBXNativeTarget "LogSafeTest" */ = {
			isa = XCConfigurationList;
			buildConfigurations = (
				C5F5D927154E84DF0051C30C /* Debug */,
				C5F5D928154E84DF0051C30C /* Release */,
			);
			defaultConfigurationIsVisible = 0;
			defaultConfigurationName = Release;
		};
/* End XCConfigurationList section */
	};
	rootObject = C5F5D905154E84DF0051C30C /* Project object */;
}
